// !$*UTF8*$!
{
	archiveVersion = 1;
	classes = {
	};
	objectVersion = 60;
	objects = {

/* Begin PBXBuildFile section */
		041A3F6D2BCC61B7002B87E8 /* PetData.swift in Sources */ = {isa = PBXBuildFile; fileRef = 041A3F6C2BCC61B7002B87E8 /* PetData.swift */; };
		0426FC142BCC889A00F49B21 /* MyFormView.swift in Sources */ = {isa = PBXBuildFile; fileRef = 0426FC132BCC889A00F49B21 /* MyFormView.swift */; };
		042960192BCC34950083F9CA /* WeightChartBar.swift in Sources */ = {isa = PBXBuildFile; fileRef = 042960182BCC34950083F9CA /* WeightChartBar.swift */; };
		043545422BC07E9400151ED5 /* GroupTrainingCoordinator.swift in Sources */ = {isa = PBXBuildFile; fileRef = 043545412BC07E9400151ED5 /* GroupTrainingCoordinator.swift */; };
		047D7EEA2BF371A700E98C55 /* WeightChart.swift in Sources */ = {isa = PBXBuildFile; fileRef = 047D7EE92BF371A700E98C55 /* WeightChart.swift */; };
		047D7EEC2BF3723A00E98C55 /* IMTChart.swift in Sources */ = {isa = PBXBuildFile; fileRef = 047D7EEB2BF3723A00E98C55 /* IMTChart.swift */; };
		04847AC62BBF166600BA8542 /* TabBarCoordinator.swift in Sources */ = {isa = PBXBuildFile; fileRef = 04847AC52BBF166600BA8542 /* TabBarCoordinator.swift */; };
		04847AC82BBF1D1800BA8542 /* ProfileTabCoordinator.swift in Sources */ = {isa = PBXBuildFile; fileRef = 04847AC72BBF1D1800BA8542 /* ProfileTabCoordinator.swift */; };
		0496AF872BA1122D00058166 /* ProfileView.swift in Sources */ = {isa = PBXBuildFile; fileRef = 0496AF862BA1122D00058166 /* ProfileView.swift */; };
		0496AF892BA1123F00058166 /* ReciepView.swift in Sources */ = {isa = PBXBuildFile; fileRef = 0496AF882BA1123F00058166 /* ReciepView.swift */; };
		0496AF8B2BA1124F00058166 /* SettingsView.swift in Sources */ = {isa = PBXBuildFile; fileRef = 0496AF8A2BA1124F00058166 /* SettingsView.swift */; };
		04B2A2CE2BF2B1EC000B017D /* ABSport.xcdatamodeld in Sources */ = {isa = PBXBuildFile; fileRef = 04B2A2CC2BF2B1EC000B017D /* ABSport.xcdatamodeld */; };
		04B2A2D12BF2B4C4000B017D /* WeightChart+help.swift in Sources */ = {isa = PBXBuildFile; fileRef = 04B2A2D02BF2B4C4000B017D /* WeightChart+help.swift */; };
		04B2A2D32BF2BACF000B017D /* PersistenceController.swift in Sources */ = {isa = PBXBuildFile; fileRef = 04B2A2D22BF2BACF000B017D /* PersistenceController.swift */; };
		04B2A2D52BF2C338000B017D /* NSPrediacte+help.swift in Sources */ = {isa = PBXBuildFile; fileRef = 04B2A2D42BF2C338000B017D /* NSPrediacte+help.swift */; };
		1A2F7DDA2BB5D2C70032657B /* LoginViewController.swift in Sources */ = {isa = PBXBuildFile; fileRef = 1A2F7DD92BB5D2C70032657B /* LoginViewController.swift */; };
		1A2F7DDC2BB5D2DB0032657B /* LoginModelView.swift in Sources */ = {isa = PBXBuildFile; fileRef = 1A2F7DDB2BB5D2DB0032657B /* LoginModelView.swift */; };
		1A2F7DDE2BB5D2FF0032657B /* LoginFullView.swift in Sources */ = {isa = PBXBuildFile; fileRef = 1A2F7DDD2BB5D2FF0032657B /* LoginFullView.swift */; };
		1A2F7DE02BB5D3900032657B /* LoginView.swift in Sources */ = {isa = PBXBuildFile; fileRef = 1A2F7DDF2BB5D3900032657B /* LoginView.swift */; };
		1A2F7DE32BB5D3BE0032657B /* SmsViewController.swift in Sources */ = {isa = PBXBuildFile; fileRef = 1A2F7DE22BB5D3BE0032657B /* SmsViewController.swift */; };
		1A2F7DE52BB5D3CE0032657B /* SmsModelView.swift in Sources */ = {isa = PBXBuildFile; fileRef = 1A2F7DE42BB5D3CE0032657B /* SmsModelView.swift */; };
		1A2F7DE72BB5D3DE0032657B /* SmsView.swift in Sources */ = {isa = PBXBuildFile; fileRef = 1A2F7DE62BB5D3DE0032657B /* SmsView.swift */; };
		1A2F7DE92BB5D3ED0032657B /* SmsFullView.swift in Sources */ = {isa = PBXBuildFile; fileRef = 1A2F7DE82BB5D3ED0032657B /* SmsFullView.swift */; };
		1A41C0622B9DBC7300BD5B8D /* RegistrationViewModel.swift in Sources */ = {isa = PBXBuildFile; fileRef = 1A41C0612B9DBC7300BD5B8D /* RegistrationViewModel.swift */; };
		1A41C06B2B9EFB6A00BD5B8D /* TabBarController.swift in Sources */ = {isa = PBXBuildFile; fileRef = 1A41C06A2B9EFB6A00BD5B8D /* TabBarController.swift */; };
		1A77F3472B9721D400C0D1F7 /* RegistrationView.swift in Sources */ = {isa = PBXBuildFile; fileRef = 1A77F3462B9721D400C0D1F7 /* RegistrationView.swift */; };
		1A77F3492B9724A400C0D1F7 /* RegistrationFullView.swift in Sources */ = {isa = PBXBuildFile; fileRef = 1A77F3482B9724A400C0D1F7 /* RegistrationFullView.swift */; };
		1A907EE32B9091C800FBF281 /* CoordinatorProtocol .swift in Sources */ = {isa = PBXBuildFile; fileRef = 1A907EE22B9091C800FBF281 /* CoordinatorProtocol .swift */; };
		1A907EE52B9092EE00FBF281 /* AuthCoordinator.swift in Sources */ = {isa = PBXBuildFile; fileRef = 1A907EE42B9092EE00FBF281 /* AuthCoordinator.swift */; };
		1A907EE72B9096B300FBF281 /* AppCoordinator.swift in Sources */ = {isa = PBXBuildFile; fileRef = 1A907EE62B9096B300FBF281 /* AppCoordinator.swift */; };
		1A907EE92B90A49500FBF281 /* RegistrationViewController.swift in Sources */ = {isa = PBXBuildFile; fileRef = 1A907EE82B90A49500FBF281 /* RegistrationViewController.swift */; };
		1AF1EA942B98ED4100F9A3CE /* String+Extension.swift in Sources */ = {isa = PBXBuildFile; fileRef = 1AF1EA932B98ED4100F9A3CE /* String+Extension.swift */; };
		20397BBE2BB6CDA1008455E4 /* DateFormatterManagerImpl.swift in Sources */ = {isa = PBXBuildFile; fileRef = 20397BBD2BB6CDA1008455E4 /* DateFormatterManagerImpl.swift */; };
		20397BC02BB6DC6F008455E4 /* CalendarManagerImpl.swift in Sources */ = {isa = PBXBuildFile; fileRef = 20397BBF2BB6DC6F008455E4 /* CalendarManagerImpl.swift */; };
		20397BC22BB6DC95008455E4 /* CalendarManager.swift in Sources */ = {isa = PBXBuildFile; fileRef = 20397BC12BB6DC95008455E4 /* CalendarManager.swift */; };
		20397BC42BB81CE5008455E4 /* ScheduleViewModelImpl.swift in Sources */ = {isa = PBXBuildFile; fileRef = 20397BC32BB81CE5008455E4 /* ScheduleViewModelImpl.swift */; };
		20397BC72BBB089F008455E4 /* ReservationView.swift in Sources */ = {isa = PBXBuildFile; fileRef = 20397BC62BBB089F008455E4 /* ReservationView.swift */; };
		20397BC92BBB08AE008455E4 /* ReservationViewModel.swift in Sources */ = {isa = PBXBuildFile; fileRef = 20397BC82BBB08AE008455E4 /* ReservationViewModel.swift */; };
		20397BCB2BBB08C1008455E4 /* ReservationViewModelImpl.swift in Sources */ = {isa = PBXBuildFile; fileRef = 20397BCA2BBB08C1008455E4 /* ReservationViewModelImpl.swift */; };
		20397BCD2BBB08CE008455E4 /* ReservationViewController.swift in Sources */ = {isa = PBXBuildFile; fileRef = 20397BCC2BBB08CE008455E4 /* ReservationViewController.swift */; };
		20397BCF2BBB08DE008455E4 /* ReservationCoordinator.swift in Sources */ = {isa = PBXBuildFile; fileRef = 20397BCE2BBB08DE008455E4 /* ReservationCoordinator.swift */; };
		2079D5842B85330F0057EA4C /* AppDelegate.swift in Sources */ = {isa = PBXBuildFile; fileRef = 2079D5832B85330F0057EA4C /* AppDelegate.swift */; };
		2079D5862B85330F0057EA4C /* SceneDelegate.swift in Sources */ = {isa = PBXBuildFile; fileRef = 2079D5852B85330F0057EA4C /* SceneDelegate.swift */; };
		2079D5882B85330F0057EA4C /* ViewController.swift in Sources */ = {isa = PBXBuildFile; fileRef = 2079D5872B85330F0057EA4C /* ViewController.swift */; };
		2079D5902B8533140057EA4C /* Assets.xcassets in Resources */ = {isa = PBXBuildFile; fileRef = 2079D58F2B8533140057EA4C /* Assets.xcassets */; };
		2079D59E2B8533150057EA4C /* ABSportTests.swift in Sources */ = {isa = PBXBuildFile; fileRef = 2079D59D2B8533150057EA4C /* ABSportTests.swift */; };
		2079D5A82B8533150057EA4C /* ABSportUITests.swift in Sources */ = {isa = PBXBuildFile; fileRef = 2079D5A72B8533150057EA4C /* ABSportUITests.swift */; };
		2079D5AA2B8533150057EA4C /* ABSportUITestsLaunchTests.swift in Sources */ = {isa = PBXBuildFile; fileRef = 2079D5A92B8533150057EA4C /* ABSportUITestsLaunchTests.swift */; };
		209754082BE5161400287935 /* ReservationModuleType.swift in Sources */ = {isa = PBXBuildFile; fileRef = 209754072BE5161400287935 /* ReservationModuleType.swift */; };
		209754492BF6B0CB00287935 /* GoogleService-Info.plist in Resources */ = {isa = PBXBuildFile; fileRef = 209754482BF6B0CB00287935 /* GoogleService-Info.plist */; };
		2097544C2BF6B14500287935 /* FirebaseAuth in Frameworks */ = {isa = PBXBuildFile; productRef = 2097544B2BF6B14500287935 /* FirebaseAuth */; };
		2097544E2BF6B14500287935 /* FirebaseAuthCombine-Community in Frameworks */ = {isa = PBXBuildFile; productRef = 2097544D2BF6B14500287935 /* FirebaseAuthCombine-Community */; };
		209754502BF6B14500287935 /* FirebaseDatabase in Frameworks */ = {isa = PBXBuildFile; productRef = 2097544F2BF6B14500287935 /* FirebaseDatabase */; };
		209754522BF6B14500287935 /* FirebaseDatabaseSwift in Frameworks */ = {isa = PBXBuildFile; productRef = 209754512BF6B14500287935 /* FirebaseDatabaseSwift */; };
		209754542BF6B14500287935 /* FirebaseFirestore in Frameworks */ = {isa = PBXBuildFile; productRef = 209754532BF6B14500287935 /* FirebaseFirestore */; };
		209754562BF6B14500287935 /* FirebaseFirestoreCombine-Community in Frameworks */ = {isa = PBXBuildFile; productRef = 209754552BF6B14500287935 /* FirebaseFirestoreCombine-Community */; };
		209754582BF6B14500287935 /* FirebaseFirestoreSwift in Frameworks */ = {isa = PBXBuildFile; productRef = 209754572BF6B14500287935 /* FirebaseFirestoreSwift */; };
		2097545A2BF6B14500287935 /* FirebaseFunctions in Frameworks */ = {isa = PBXBuildFile; productRef = 209754592BF6B14500287935 /* FirebaseFunctions */; };
		2097545C2BF6B14500287935 /* FirebaseFunctionsCombine-Community in Frameworks */ = {isa = PBXBuildFile; productRef = 2097545B2BF6B14500287935 /* FirebaseFunctionsCombine-Community */; };
		2097545E2BF6B14500287935 /* FirebaseStorage in Frameworks */ = {isa = PBXBuildFile; productRef = 2097545D2BF6B14500287935 /* FirebaseStorage */; };
		209754602BF6B14500287935 /* FirebaseStorageCombine-Community in Frameworks */ = {isa = PBXBuildFile; productRef = 2097545F2BF6B14500287935 /* FirebaseStorageCombine-Community */; };
		209754642BF6B40800287935 /* FirebaseUser.swift in Sources */ = {isa = PBXBuildFile; fileRef = 209754632BF6B40800287935 /* FirebaseUser.swift */; };
		209754662BF6B41E00287935 /* FirebaseTrainer.swift in Sources */ = {isa = PBXBuildFile; fileRef = 209754652BF6B41E00287935 /* FirebaseTrainer.swift */; };
		209754682BF6B43800287935 /* FirebaseReservation.swift in Sources */ = {isa = PBXBuildFile; fileRef = 209754672BF6B43800287935 /* FirebaseReservation.swift */; };
		2097546A2BF6B49800287935 /* FirebaseDay.swift in Sources */ = {isa = PBXBuildFile; fileRef = 209754692BF6B49800287935 /* FirebaseDay.swift */; };
		20FEC66F2BACCA570045C1FF /* ScheduleView.swift in Sources */ = {isa = PBXBuildFile; fileRef = 20FEC66E2BACCA570045C1FF /* ScheduleView.swift */; };
		20FEC6712BACCA610045C1FF /* ScheduleViewModel.swift in Sources */ = {isa = PBXBuildFile; fileRef = 20FEC6702BACCA610045C1FF /* ScheduleViewModel.swift */; };
		20FEC6732BACCA6D0045C1FF /* ScheduleViewController.swift in Sources */ = {isa = PBXBuildFile; fileRef = 20FEC6722BACCA6D0045C1FF /* ScheduleViewController.swift */; };
		20FEC6752BACCB470045C1FF /* ScheduleCoordinator.swift in Sources */ = {isa = PBXBuildFile; fileRef = 20FEC6742BACCB470045C1FF /* ScheduleCoordinator.swift */; };
		20FEC6782BACCE0A0045C1FF /* DateFormatterManager.swift in Sources */ = {isa = PBXBuildFile; fileRef = 20FEC6772BACCE0A0045C1FF /* DateFormatterManager.swift */; };
		20FEC67D2BACD5500045C1FF /* Reservation.swift in Sources */ = {isa = PBXBuildFile; fileRef = 20FEC67C2BACD5500045C1FF /* Reservation.swift */; };
		20FEC6802BACD5960045C1FF /* UserManager.swift in Sources */ = {isa = PBXBuildFile; fileRef = 20FEC67F2BACD5960045C1FF /* UserManager.swift */; };
		20FEC6822BACD5AF0045C1FF /* ReservationManager.swift in Sources */ = {isa = PBXBuildFile; fileRef = 20FEC6812BACD5AF0045C1FF /* ReservationManager.swift */; };
		20FEC6842BACD5E10045C1FF /* User.swift in Sources */ = {isa = PBXBuildFile; fileRef = 20FEC6832BACD5E10045C1FF /* User.swift */; };
		664E86502BD6B813001A768D /* GroupTrainingViewModel.swift in Sources */ = {isa = PBXBuildFile; fileRef = 664E864F2BD6B813001A768D /* GroupTrainingViewModel.swift */; };
		664E86532BD918F1001A768D /* IndividualTrainingViewController.swift in Sources */ = {isa = PBXBuildFile; fileRef = 664E86522BD918F1001A768D /* IndividualTrainingViewController.swift */; };
		664E86552BD9194A001A768D /* IndividualTrainingViewModel.swift in Sources */ = {isa = PBXBuildFile; fileRef = 664E86542BD9194A001A768D /* IndividualTrainingViewModel.swift */; };
		664E86572BD9198F001A768D /* IndividualTrainingCoordinator.swift in Sources */ = {isa = PBXBuildFile; fileRef = 664E86562BD9198F001A768D /* IndividualTrainingCoordinator.swift */; };
		664E865B2BD91BBF001A768D /* ChooseIndividualTrainingViewController.swift in Sources */ = {isa = PBXBuildFile; fileRef = 664E865A2BD91BBF001A768D /* ChooseIndividualTrainingViewController.swift */; };
		664E865D2BD91CA2001A768D /* ChooseIndividualTrainerViewController.swift in Sources */ = {isa = PBXBuildFile; fileRef = 664E865C2BD91CA2001A768D /* ChooseIndividualTrainerViewController.swift */; };
		6662D12F2B931DAB001FC95E /* MainView.swift in Sources */ = {isa = PBXBuildFile; fileRef = 6662D12E2B931DAB001FC95E /* MainView.swift */; };
		6662D1312B931DCB001FC95E /* MainViewController.swift in Sources */ = {isa = PBXBuildFile; fileRef = 6662D1302B931DCB001FC95E /* MainViewController.swift */; };
		6662D1332B931E24001FC95E /* MainViewModel.swift in Sources */ = {isa = PBXBuildFile; fileRef = 6662D1322B931E24001FC95E /* MainViewModel.swift */; };
		6662D1372B931EAC001FC95E /* MainModel.swift in Sources */ = {isa = PBXBuildFile; fileRef = 6662D1362B931EAC001FC95E /* MainModel.swift */; };
		666F52DC2B93B95E00B113CD /* MainCoordinator.swift in Sources */ = {isa = PBXBuildFile; fileRef = 666F52DB2B93B95E00B113CD /* MainCoordinator.swift */; };
		66A5997B2BB31A2D00E80EEF /* TrainingView.swift in Sources */ = {isa = PBXBuildFile; fileRef = 66A5997A2BB31A2D00E80EEF /* TrainingView.swift */; };
		66A5997D2BB31A5B00E80EEF /* GroupTrainingViewController.swift in Sources */ = {isa = PBXBuildFile; fileRef = 66A5997C2BB31A5B00E80EEF /* GroupTrainingViewController.swift */; };
		66A5997F2BB31AB000E80EEF /* UIButton+extension.swift in Sources */ = {isa = PBXBuildFile; fileRef = 66A5997E2BB31AB000E80EEF /* UIButton+extension.swift */; };
		66A599822BB31B2D00E80EEF /* ChooseTrainingView.swift in Sources */ = {isa = PBXBuildFile; fileRef = 66A599812BB31B2D00E80EEF /* ChooseTrainingView.swift */; };
		66A599842BB31B5B00E80EEF /* ChooseGroupTrainingViewController.swift in Sources */ = {isa = PBXBuildFile; fileRef = 66A599832BB31B5B00E80EEF /* ChooseGroupTrainingViewController.swift */; };
		66A599872BB31BB200E80EEF /* ChooseGroupTrainerViewController.swift in Sources */ = {isa = PBXBuildFile; fileRef = 66A599862BB31BB200E80EEF /* ChooseGroupTrainerViewController.swift */; };
		66A599892BB31BD000E80EEF /* TrainerCell.swift in Sources */ = {isa = PBXBuildFile; fileRef = 66A599882BB31BD000E80EEF /* TrainerCell.swift */; };
/* End PBXBuildFile section */

/* Begin PBXContainerItemProxy section */
		2079D59A2B8533150057EA4C /* PBXContainerItemProxy */ = {
			isa = PBXContainerItemProxy;
			containerPortal = 2079D5782B85330E0057EA4C /* Project object */;
			proxyType = 1;
			remoteGlobalIDString = 2079D57F2B85330E0057EA4C;
			remoteInfo = ABSport;
		};
		2079D5A42B8533150057EA4C /* PBXContainerItemProxy */ = {
			isa = PBXContainerItemProxy;
			containerPortal = 2079D5782B85330E0057EA4C /* Project object */;
			proxyType = 1;
			remoteGlobalIDString = 2079D57F2B85330E0057EA4C;
			remoteInfo = ABSport;
		};
/* End PBXContainerItemProxy section */

/* Begin PBXFileReference section */
		041A3F6C2BCC61B7002B87E8 /* PetData.swift */ = {isa = PBXFileReference; lastKnownFileType = sourcecode.swift; path = PetData.swift; sourceTree = "<group>"; };
		0426FC132BCC889A00F49B21 /* MyFormView.swift */ = {isa = PBXFileReference; lastKnownFileType = sourcecode.swift; path = MyFormView.swift; sourceTree = "<group>"; };
		042960182BCC34950083F9CA /* WeightChartBar.swift */ = {isa = PBXFileReference; lastKnownFileType = sourcecode.swift; path = WeightChartBar.swift; sourceTree = "<group>"; };
		043545412BC07E9400151ED5 /* GroupTrainingCoordinator.swift */ = {isa = PBXFileReference; lastKnownFileType = sourcecode.swift; path = GroupTrainingCoordinator.swift; sourceTree = "<group>"; };
		047D7EE92BF371A700E98C55 /* WeightChart.swift */ = {isa = PBXFileReference; lastKnownFileType = sourcecode.swift; path = WeightChart.swift; sourceTree = "<group>"; };
		047D7EEB2BF3723A00E98C55 /* IMTChart.swift */ = {isa = PBXFileReference; lastKnownFileType = sourcecode.swift; path = IMTChart.swift; sourceTree = "<group>"; };
		04847AC52BBF166600BA8542 /* TabBarCoordinator.swift */ = {isa = PBXFileReference; lastKnownFileType = sourcecode.swift; path = TabBarCoordinator.swift; sourceTree = "<group>"; };
		04847AC72BBF1D1800BA8542 /* ProfileTabCoordinator.swift */ = {isa = PBXFileReference; lastKnownFileType = sourcecode.swift; path = ProfileTabCoordinator.swift; sourceTree = "<group>"; };
		0496AF862BA1122D00058166 /* ProfileView.swift */ = {isa = PBXFileReference; lastKnownFileType = sourcecode.swift; path = ProfileView.swift; sourceTree = "<group>"; };
		0496AF882BA1123F00058166 /* ReciepView.swift */ = {isa = PBXFileReference; lastKnownFileType = sourcecode.swift; path = ReciepView.swift; sourceTree = "<group>"; };
		0496AF8A2BA1124F00058166 /* SettingsView.swift */ = {isa = PBXFileReference; lastKnownFileType = sourcecode.swift; path = SettingsView.swift; sourceTree = "<group>"; };
		04B2A2CD2BF2B1EC000B017D /* ABSport.xcdatamodel */ = {isa = PBXFileReference; lastKnownFileType = wrapper.xcdatamodel; path = ABSport.xcdatamodel; sourceTree = "<group>"; };
		04B2A2D02BF2B4C4000B017D /* WeightChart+help.swift */ = {isa = PBXFileReference; lastKnownFileType = sourcecode.swift; path = "WeightChart+help.swift"; sourceTree = "<group>"; };
		04B2A2D22BF2BACF000B017D /* PersistenceController.swift */ = {isa = PBXFileReference; lastKnownFileType = sourcecode.swift; path = PersistenceController.swift; sourceTree = "<group>"; };
		04B2A2D42BF2C338000B017D /* NSPrediacte+help.swift */ = {isa = PBXFileReference; lastKnownFileType = sourcecode.swift; path = "NSPrediacte+help.swift"; sourceTree = "<group>"; };
		1A2F7DD92BB5D2C70032657B /* LoginViewController.swift */ = {isa = PBXFileReference; lastKnownFileType = sourcecode.swift; name = LoginViewController.swift; path = ABSport/Auth/Login/LoginViewController.swift; sourceTree = SOURCE_ROOT; };
		1A2F7DDB2BB5D2DB0032657B /* LoginModelView.swift */ = {isa = PBXFileReference; lastKnownFileType = sourcecode.swift; name = LoginModelView.swift; path = ABSport/Auth/Login/LoginModelView.swift; sourceTree = SOURCE_ROOT; };
		1A2F7DDD2BB5D2FF0032657B /* LoginFullView.swift */ = {isa = PBXFileReference; lastKnownFileType = sourcecode.swift; name = LoginFullView.swift; path = ABSport/Auth/Login/LoginFullView.swift; sourceTree = SOURCE_ROOT; };
		1A2F7DDF2BB5D3900032657B /* LoginView.swift */ = {isa = PBXFileReference; lastKnownFileType = sourcecode.swift; name = LoginView.swift; path = ABSport/Auth/Login/LoginView.swift; sourceTree = SOURCE_ROOT; };
		1A2F7DE22BB5D3BE0032657B /* SmsViewController.swift */ = {isa = PBXFileReference; lastKnownFileType = sourcecode.swift; path = SmsViewController.swift; sourceTree = "<group>"; };
		1A2F7DE42BB5D3CE0032657B /* SmsModelView.swift */ = {isa = PBXFileReference; lastKnownFileType = sourcecode.swift; path = SmsModelView.swift; sourceTree = "<group>"; };
		1A2F7DE62BB5D3DE0032657B /* SmsView.swift */ = {isa = PBXFileReference; lastKnownFileType = sourcecode.swift; path = SmsView.swift; sourceTree = "<group>"; };
		1A2F7DE82BB5D3ED0032657B /* SmsFullView.swift */ = {isa = PBXFileReference; lastKnownFileType = sourcecode.swift; path = SmsFullView.swift; sourceTree = "<group>"; };
		1A41C0612B9DBC7300BD5B8D /* RegistrationViewModel.swift */ = {isa = PBXFileReference; lastKnownFileType = sourcecode.swift; path = RegistrationViewModel.swift; sourceTree = "<group>"; };
		1A41C06A2B9EFB6A00BD5B8D /* TabBarController.swift */ = {isa = PBXFileReference; lastKnownFileType = sourcecode.swift; path = TabBarController.swift; sourceTree = "<group>"; };
		1A77F3462B9721D400C0D1F7 /* RegistrationView.swift */ = {isa = PBXFileReference; lastKnownFileType = sourcecode.swift; path = RegistrationView.swift; sourceTree = "<group>"; };
		1A77F3482B9724A400C0D1F7 /* RegistrationFullView.swift */ = {isa = PBXFileReference; lastKnownFileType = sourcecode.swift; path = RegistrationFullView.swift; sourceTree = "<group>"; };
		1A907EE22B9091C800FBF281 /* CoordinatorProtocol .swift */ = {isa = PBXFileReference; lastKnownFileType = sourcecode.swift; path = "CoordinatorProtocol .swift"; sourceTree = "<group>"; };
		1A907EE42B9092EE00FBF281 /* AuthCoordinator.swift */ = {isa = PBXFileReference; lastKnownFileType = sourcecode.swift; path = AuthCoordinator.swift; sourceTree = "<group>"; };
		1A907EE62B9096B300FBF281 /* AppCoordinator.swift */ = {isa = PBXFileReference; lastKnownFileType = sourcecode.swift; path = AppCoordinator.swift; sourceTree = "<group>"; };
		1A907EE82B90A49500FBF281 /* RegistrationViewController.swift */ = {isa = PBXFileReference; lastKnownFileType = sourcecode.swift; path = RegistrationViewController.swift; sourceTree = "<group>"; };
		1AF1EA932B98ED4100F9A3CE /* String+Extension.swift */ = {isa = PBXFileReference; lastKnownFileType = sourcecode.swift; path = "String+Extension.swift"; sourceTree = "<group>"; };
		20397BBD2BB6CDA1008455E4 /* DateFormatterManagerImpl.swift */ = {isa = PBXFileReference; lastKnownFileType = sourcecode.swift; path = DateFormatterManagerImpl.swift; sourceTree = "<group>"; };
		20397BBF2BB6DC6F008455E4 /* CalendarManagerImpl.swift */ = {isa = PBXFileReference; lastKnownFileType = sourcecode.swift; path = CalendarManagerImpl.swift; sourceTree = "<group>"; };
		20397BC12BB6DC95008455E4 /* CalendarManager.swift */ = {isa = PBXFileReference; lastKnownFileType = sourcecode.swift; path = CalendarManager.swift; sourceTree = "<group>"; };
		20397BC32BB81CE5008455E4 /* ScheduleViewModelImpl.swift */ = {isa = PBXFileReference; lastKnownFileType = sourcecode.swift; path = ScheduleViewModelImpl.swift; sourceTree = "<group>"; };
		20397BC62BBB089F008455E4 /* ReservationView.swift */ = {isa = PBXFileReference; lastKnownFileType = sourcecode.swift; path = ReservationView.swift; sourceTree = "<group>"; };
		20397BC82BBB08AE008455E4 /* ReservationViewModel.swift */ = {isa = PBXFileReference; lastKnownFileType = sourcecode.swift; path = ReservationViewModel.swift; sourceTree = "<group>"; };
		20397BCA2BBB08C1008455E4 /* ReservationViewModelImpl.swift */ = {isa = PBXFileReference; lastKnownFileType = sourcecode.swift; path = ReservationViewModelImpl.swift; sourceTree = "<group>"; };
		20397BCC2BBB08CE008455E4 /* ReservationViewController.swift */ = {isa = PBXFileReference; lastKnownFileType = sourcecode.swift; path = ReservationViewController.swift; sourceTree = "<group>"; };
		20397BCE2BBB08DE008455E4 /* ReservationCoordinator.swift */ = {isa = PBXFileReference; lastKnownFileType = sourcecode.swift; path = ReservationCoordinator.swift; sourceTree = "<group>"; };
		2079D5802B85330E0057EA4C /* ABSport.app */ = {isa = PBXFileReference; explicitFileType = wrapper.application; includeInIndex = 0; path = ABSport.app; sourceTree = BUILT_PRODUCTS_DIR; };
		2079D5832B85330F0057EA4C /* AppDelegate.swift */ = {isa = PBXFileReference; lastKnownFileType = sourcecode.swift; path = AppDelegate.swift; sourceTree = "<group>"; };
		2079D5852B85330F0057EA4C /* SceneDelegate.swift */ = {isa = PBXFileReference; lastKnownFileType = sourcecode.swift; path = SceneDelegate.swift; sourceTree = "<group>"; };
		2079D5872B85330F0057EA4C /* ViewController.swift */ = {isa = PBXFileReference; lastKnownFileType = sourcecode.swift; path = ViewController.swift; sourceTree = "<group>"; };
		2079D58F2B8533140057EA4C /* Assets.xcassets */ = {isa = PBXFileReference; lastKnownFileType = folder.assetcatalog; path = Assets.xcassets; sourceTree = "<group>"; };
		2079D5942B8533140057EA4C /* Info.plist */ = {isa = PBXFileReference; lastKnownFileType = text.plist.xml; path = Info.plist; sourceTree = "<group>"; };
		2079D5992B8533150057EA4C /* ABSportTests.xctest */ = {isa = PBXFileReference; explicitFileType = wrapper.cfbundle; includeInIndex = 0; path = ABSportTests.xctest; sourceTree = BUILT_PRODUCTS_DIR; };
		2079D59D2B8533150057EA4C /* ABSportTests.swift */ = {isa = PBXFileReference; lastKnownFileType = sourcecode.swift; path = ABSportTests.swift; sourceTree = "<group>"; };
		2079D5A32B8533150057EA4C /* ABSportUITests.xctest */ = {isa = PBXFileReference; explicitFileType = wrapper.cfbundle; includeInIndex = 0; path = ABSportUITests.xctest; sourceTree = BUILT_PRODUCTS_DIR; };
		2079D5A72B8533150057EA4C /* ABSportUITests.swift */ = {isa = PBXFileReference; lastKnownFileType = sourcecode.swift; path = ABSportUITests.swift; sourceTree = "<group>"; };
		2079D5A92B8533150057EA4C /* ABSportUITestsLaunchTests.swift */ = {isa = PBXFileReference; lastKnownFileType = sourcecode.swift; path = ABSportUITestsLaunchTests.swift; sourceTree = "<group>"; };
		209754072BE5161400287935 /* ReservationModuleType.swift */ = {isa = PBXFileReference; lastKnownFileType = sourcecode.swift; path = ReservationModuleType.swift; sourceTree = "<group>"; };
		209754482BF6B0CB00287935 /* GoogleService-Info.plist */ = {isa = PBXFileReference; fileEncoding = 4; lastKnownFileType = text.plist.xml; path = "GoogleService-Info.plist"; sourceTree = "<group>"; };
		209754632BF6B40800287935 /* FirebaseUser.swift */ = {isa = PBXFileReference; lastKnownFileType = sourcecode.swift; path = FirebaseUser.swift; sourceTree = "<group>"; };
		209754652BF6B41E00287935 /* FirebaseTrainer.swift */ = {isa = PBXFileReference; lastKnownFileType = sourcecode.swift; path = FirebaseTrainer.swift; sourceTree = "<group>"; };
		209754672BF6B43800287935 /* FirebaseReservation.swift */ = {isa = PBXFileReference; lastKnownFileType = sourcecode.swift; path = FirebaseReservation.swift; sourceTree = "<group>"; };
		209754692BF6B49800287935 /* FirebaseDay.swift */ = {isa = PBXFileReference; lastKnownFileType = sourcecode.swift; path = FirebaseDay.swift; sourceTree = "<group>"; };
		20FEC66E2BACCA570045C1FF /* ScheduleView.swift */ = {isa = PBXFileReference; lastKnownFileType = sourcecode.swift; path = ScheduleView.swift; sourceTree = "<group>"; };
		20FEC6702BACCA610045C1FF /* ScheduleViewModel.swift */ = {isa = PBXFileReference; lastKnownFileType = sourcecode.swift; path = ScheduleViewModel.swift; sourceTree = "<group>"; };
		20FEC6722BACCA6D0045C1FF /* ScheduleViewController.swift */ = {isa = PBXFileReference; lastKnownFileType = sourcecode.swift; path = ScheduleViewController.swift; sourceTree = "<group>"; };
		20FEC6742BACCB470045C1FF /* ScheduleCoordinator.swift */ = {isa = PBXFileReference; lastKnownFileType = sourcecode.swift; path = ScheduleCoordinator.swift; sourceTree = "<group>"; };
		20FEC6772BACCE0A0045C1FF /* DateFormatterManager.swift */ = {isa = PBXFileReference; lastKnownFileType = sourcecode.swift; path = DateFormatterManager.swift; sourceTree = "<group>"; };
		20FEC67C2BACD5500045C1FF /* Reservation.swift */ = {isa = PBXFileReference; lastKnownFileType = sourcecode.swift; path = Reservation.swift; sourceTree = "<group>"; };
		20FEC67F2BACD5960045C1FF /* UserManager.swift */ = {isa = PBXFileReference; lastKnownFileType = sourcecode.swift; path = UserManager.swift; sourceTree = "<group>"; };
		20FEC6812BACD5AF0045C1FF /* ReservationManager.swift */ = {isa = PBXFileReference; lastKnownFileType = sourcecode.swift; path = ReservationManager.swift; sourceTree = "<group>"; };
		20FEC6832BACD5E10045C1FF /* User.swift */ = {isa = PBXFileReference; lastKnownFileType = sourcecode.swift; path = User.swift; sourceTree = "<group>"; };
		664E864F2BD6B813001A768D /* GroupTrainingViewModel.swift */ = {isa = PBXFileReference; lastKnownFileType = sourcecode.swift; path = GroupTrainingViewModel.swift; sourceTree = "<group>"; };
		664E86522BD918F1001A768D /* IndividualTrainingViewController.swift */ = {isa = PBXFileReference; lastKnownFileType = sourcecode.swift; path = IndividualTrainingViewController.swift; sourceTree = "<group>"; };
		664E86542BD9194A001A768D /* IndividualTrainingViewModel.swift */ = {isa = PBXFileReference; lastKnownFileType = sourcecode.swift; path = IndividualTrainingViewModel.swift; sourceTree = "<group>"; };
		664E86562BD9198F001A768D /* IndividualTrainingCoordinator.swift */ = {isa = PBXFileReference; lastKnownFileType = sourcecode.swift; path = IndividualTrainingCoordinator.swift; sourceTree = "<group>"; };
		664E865A2BD91BBF001A768D /* ChooseIndividualTrainingViewController.swift */ = {isa = PBXFileReference; lastKnownFileType = sourcecode.swift; path = ChooseIndividualTrainingViewController.swift; sourceTree = "<group>"; };
		664E865C2BD91CA2001A768D /* ChooseIndividualTrainerViewController.swift */ = {isa = PBXFileReference; lastKnownFileType = sourcecode.swift; path = ChooseIndividualTrainerViewController.swift; sourceTree = "<group>"; };
		6662D12E2B931DAB001FC95E /* MainView.swift */ = {isa = PBXFileReference; lastKnownFileType = sourcecode.swift; path = MainView.swift; sourceTree = "<group>"; };
		6662D1302B931DCB001FC95E /* MainViewController.swift */ = {isa = PBXFileReference; lastKnownFileType = sourcecode.swift; path = MainViewController.swift; sourceTree = "<group>"; };
		6662D1322B931E24001FC95E /* MainViewModel.swift */ = {isa = PBXFileReference; lastKnownFileType = sourcecode.swift; path = MainViewModel.swift; sourceTree = "<group>"; };
		6662D1362B931EAC001FC95E /* MainModel.swift */ = {isa = PBXFileReference; lastKnownFileType = sourcecode.swift; path = MainModel.swift; sourceTree = "<group>"; };
		666F52DB2B93B95E00B113CD /* MainCoordinator.swift */ = {isa = PBXFileReference; lastKnownFileType = sourcecode.swift; path = MainCoordinator.swift; sourceTree = "<group>"; };
		66A5997A2BB31A2D00E80EEF /* TrainingView.swift */ = {isa = PBXFileReference; lastKnownFileType = sourcecode.swift; path = TrainingView.swift; sourceTree = "<group>"; };
		66A5997C2BB31A5B00E80EEF /* GroupTrainingViewController.swift */ = {isa = PBXFileReference; lastKnownFileType = sourcecode.swift; path = GroupTrainingViewController.swift; sourceTree = "<group>"; };
		66A5997E2BB31AB000E80EEF /* UIButton+extension.swift */ = {isa = PBXFileReference; lastKnownFileType = sourcecode.swift; path = "UIButton+extension.swift"; sourceTree = "<group>"; };
		66A599812BB31B2D00E80EEF /* ChooseTrainingView.swift */ = {isa = PBXFileReference; lastKnownFileType = sourcecode.swift; path = ChooseTrainingView.swift; sourceTree = "<group>"; };
		66A599832BB31B5B00E80EEF /* ChooseGroupTrainingViewController.swift */ = {isa = PBXFileReference; lastKnownFileType = sourcecode.swift; path = ChooseGroupTrainingViewController.swift; sourceTree = "<group>"; };
		66A599862BB31BB200E80EEF /* ChooseGroupTrainerViewController.swift */ = {isa = PBXFileReference; lastKnownFileType = sourcecode.swift; path = ChooseGroupTrainerViewController.swift; sourceTree = "<group>"; };
		66A599882BB31BD000E80EEF /* TrainerCell.swift */ = {isa = PBXFileReference; lastKnownFileType = sourcecode.swift; path = TrainerCell.swift; sourceTree = "<group>"; };
/* End PBXFileReference section */

/* Begin PBXFrameworksBuildPhase section */
		2079D57D2B85330E0057EA4C /* Frameworks */ = {
			isa = PBXFrameworksBuildPhase;
			buildActionMask = 2147483647;
			files = (
				209754602BF6B14500287935 /* FirebaseStorageCombine-Community in Frameworks */,
				209754522BF6B14500287935 /* FirebaseDatabaseSwift in Frameworks */,
				209754502BF6B14500287935 /* FirebaseDatabase in Frameworks */,
				2097545C2BF6B14500287935 /* FirebaseFunctionsCombine-Community in Frameworks */,
				2097545E2BF6B14500287935 /* FirebaseStorage in Frameworks */,
				2097544C2BF6B14500287935 /* FirebaseAuth in Frameworks */,
				2097545A2BF6B14500287935 /* FirebaseFunctions in Frameworks */,
				209754582BF6B14500287935 /* FirebaseFirestoreSwift in Frameworks */,
				209754562BF6B14500287935 /* FirebaseFirestoreCombine-Community in Frameworks */,
				209754542BF6B14500287935 /* FirebaseFirestore in Frameworks */,
				2097544E2BF6B14500287935 /* FirebaseAuthCombine-Community in Frameworks */,
			);
			runOnlyForDeploymentPostprocessing = 0;
		};
		2079D5962B8533150057EA4C /* Frameworks */ = {
			isa = PBXFrameworksBuildPhase;
			buildActionMask = 2147483647;
			files = (
			);
			runOnlyForDeploymentPostprocessing = 0;
		};
		2079D5A02B8533150057EA4C /* Frameworks */ = {
			isa = PBXFrameworksBuildPhase;
			buildActionMask = 2147483647;
			files = (
			);
			runOnlyForDeploymentPostprocessing = 0;
		};
/* End PBXFrameworksBuildPhase section */

/* Begin PBXGroup section */
		0410031D2BF293BB005CE8D6 /* Views */ = {
			isa = PBXGroup;
			children = (
				047D7EE82BF3717A00E98C55 /* Charts */,
				0496AF882BA1123F00058166 /* ReciepView.swift */,
				0496AF862BA1122D00058166 /* ProfileView.swift */,
				0426FC132BCC889A00F49B21 /* MyFormView.swift */,
				0496AF8A2BA1124F00058166 /* SettingsView.swift */,
			);
			path = Views;
			sourceTree = "<group>";
		};
		047D7EE82BF3717A00E98C55 /* Charts */ = {
			isa = PBXGroup;
			children = (
				042960182BCC34950083F9CA /* WeightChartBar.swift */,
				047D7EE92BF371A700E98C55 /* WeightChart.swift */,
				047D7EEB2BF3723A00E98C55 /* IMTChart.swift */,
			);
			path = Charts;
			sourceTree = "<group>";
		};
		0496AF852BA111A100058166 /* Profile */ = {
			isa = PBXGroup;
			children = (
				04B2A2CF2BF2B49B000B017D /* CoreData */,
				0410031D2BF293BB005CE8D6 /* Views */,
				04847AC72BBF1D1800BA8542 /* ProfileTabCoordinator.swift */,
				041A3F6C2BCC61B7002B87E8 /* PetData.swift */,
			);
			path = Profile;
			sourceTree = "<group>";
		};
		04B2A2CF2BF2B49B000B017D /* CoreData */ = {
			isa = PBXGroup;
			children = (
				04B2A2D02BF2B4C4000B017D /* WeightChart+help.swift */,
				04B2A2D22BF2BACF000B017D /* PersistenceController.swift */,
				04B2A2D42BF2C338000B017D /* NSPrediacte+help.swift */,
			);
			path = CoreData;
			sourceTree = "<group>";
		};
		1A21D9412BB5E2870013BE0A /* Login */ = {
			isa = PBXGroup;
			children = (
				1A2F7DD92BB5D2C70032657B /* LoginViewController.swift */,
				1A2F7DDB2BB5D2DB0032657B /* LoginModelView.swift */,
				1A2F7DDD2BB5D2FF0032657B /* LoginFullView.swift */,
				1A2F7DDF2BB5D3900032657B /* LoginView.swift */,
			);
			path = Login;
			sourceTree = "<group>";
		};
		1A2F7DE12BB5D3AB0032657B /* SMS */ = {
			isa = PBXGroup;
			children = (
				1A2F7DE22BB5D3BE0032657B /* SmsViewController.swift */,
				1A2F7DE42BB5D3CE0032657B /* SmsModelView.swift */,
				1A2F7DE62BB5D3DE0032657B /* SmsView.swift */,
				1A2F7DE82BB5D3ED0032657B /* SmsFullView.swift */,
			);
			path = SMS;
			sourceTree = "<group>";
		};
		1A41C0692B9EFB4F00BD5B8D /* TabBar */ = {
			isa = PBXGroup;
			children = (
				1A41C06A2B9EFB6A00BD5B8D /* TabBarController.swift */,
				04847AC52BBF166600BA8542 /* TabBarCoordinator.swift */,
			);
			path = TabBar;
			sourceTree = "<group>";
		};
		1A907EDE2B908EC200FBF281 /* Auth */ = {
			isa = PBXGroup;
			children = (
				1A21D9412BB5E2870013BE0A /* Login */,
				1A2F7DE12BB5D3AB0032657B /* SMS */,
				1A907EDF2B908ECB00FBF281 /* Registration */,
				1A907EE42B9092EE00FBF281 /* AuthCoordinator.swift */,
			);
			path = Auth;
			sourceTree = "<group>";
		};
		1A907EDF2B908ECB00FBF281 /* Registration */ = {
			isa = PBXGroup;
			children = (
				1A907EE82B90A49500FBF281 /* RegistrationViewController.swift */,
				1A77F3482B9724A400C0D1F7 /* RegistrationFullView.swift */,
				1A77F3462B9721D400C0D1F7 /* RegistrationView.swift */,
				1A41C0612B9DBC7300BD5B8D /* RegistrationViewModel.swift */,
			);
			path = Registration;
			sourceTree = "<group>";
		};
		1A907EE12B9091A100FBF281 /* Navigation */ = {
			isa = PBXGroup;
			children = (
				1A907EE22B9091C800FBF281 /* CoordinatorProtocol .swift */,
				1A907EE62B9096B300FBF281 /* AppCoordinator.swift */,
			);
			path = Navigation;
			sourceTree = "<group>";
		};
		1AF1EA922B98ED2200F9A3CE /* ToolKit */ = {
			isa = PBXGroup;
			children = (
				1AF1EA932B98ED4100F9A3CE /* String+Extension.swift */,
				66A5997E2BB31AB000E80EEF /* UIButton+extension.swift */,
			);
			path = ToolKit;
			sourceTree = "<group>";
		};
		20397BBA2BB6CC53008455E4 /* Helpers */ = {
			isa = PBXGroup;
			children = (
				20397BBC2BB6CC73008455E4 /* DateFormatterManager */,
				20397BBB2BB6CC5B008455E4 /* CalendarManager */,
			);
			path = Helpers;
			sourceTree = "<group>";
		};
		20397BBB2BB6CC5B008455E4 /* CalendarManager */ = {
			isa = PBXGroup;
			children = (
				20397BC12BB6DC95008455E4 /* CalendarManager.swift */,
				20397BBF2BB6DC6F008455E4 /* CalendarManagerImpl.swift */,
			);
			path = CalendarManager;
			sourceTree = "<group>";
		};
		20397BBC2BB6CC73008455E4 /* DateFormatterManager */ = {
			isa = PBXGroup;
			children = (
				20FEC6772BACCE0A0045C1FF /* DateFormatterManager.swift */,
				20397BBD2BB6CDA1008455E4 /* DateFormatterManagerImpl.swift */,
			);
			path = DateFormatterManager;
			sourceTree = "<group>";
		};
		20397BC52BB9EBF0008455E4 /* Reservation */ = {
			isa = PBXGroup;
			children = (
				20397BC62BBB089F008455E4 /* ReservationView.swift */,
				20397BC82BBB08AE008455E4 /* ReservationViewModel.swift */,
				20397BCA2BBB08C1008455E4 /* ReservationViewModelImpl.swift */,
				20397BCC2BBB08CE008455E4 /* ReservationViewController.swift */,
				20397BCE2BBB08DE008455E4 /* ReservationCoordinator.swift */,
				209754072BE5161400287935 /* ReservationModuleType.swift */,
			);
			path = Reservation;
			sourceTree = "<group>";
		};
		2079D5772B85330E0057EA4C = {
			isa = PBXGroup;
			children = (
				2079D5822B85330E0057EA4C /* ABSport */,
				2079D59C2B8533150057EA4C /* ABSportTests */,
				2079D5A62B8533150057EA4C /* ABSportUITests */,
				2079D5812B85330E0057EA4C /* Products */,
			);
			sourceTree = "<group>";
		};
		2079D5812B85330E0057EA4C /* Products */ = {
			isa = PBXGroup;
			children = (
				2079D5802B85330E0057EA4C /* ABSport.app */,
				2079D5992B8533150057EA4C /* ABSportTests.xctest */,
				2079D5A32B8533150057EA4C /* ABSportUITests.xctest */,
			);
			name = Products;
			sourceTree = "<group>";
		};
		2079D5822B85330E0057EA4C /* ABSport */ = {
			isa = PBXGroup;
			children = (
				209754622BF6B3F300287935 /* FirebaseModels */,
				664E864B2BD6ACF7001A768D /* Trainings */,
				0496AF852BA111A100058166 /* Profile */,
				20397BBA2BB6CC53008455E4 /* Helpers */,
				20FEC67E2BACD57F0045C1FF /* NetworkLayer */,
				20FEC67B2BACD5350045C1FF /* Models */,
				1AF1EA922B98ED2200F9A3CE /* ToolKit */,
				1A41C0692B9EFB4F00BD5B8D /* TabBar */,
				20397BC52BB9EBF0008455E4 /* Reservation */,
				6662D12D2B931D57001FC95E /* Main */,
				20FEC66D2BACCA380045C1FF /* Schedule */,
				1A907EE12B9091A100FBF281 /* Navigation */,
				1A907EDE2B908EC200FBF281 /* Auth */,
				2079D5832B85330F0057EA4C /* AppDelegate.swift */,
				2079D5852B85330F0057EA4C /* SceneDelegate.swift */,
				2079D5872B85330F0057EA4C /* ViewController.swift */,
				209754482BF6B0CB00287935 /* GoogleService-Info.plist */,
				2079D58F2B8533140057EA4C /* Assets.xcassets */,
				2079D5942B8533140057EA4C /* Info.plist */,
				04B2A2CC2BF2B1EC000B017D /* ABSport.xcdatamodeld */,
			);
			path = ABSport;
			sourceTree = "<group>";
		};
		2079D59C2B8533150057EA4C /* ABSportTests */ = {
			isa = PBXGroup;
			children = (
				2079D59D2B8533150057EA4C /* ABSportTests.swift */,
			);
			path = ABSportTests;
			sourceTree = "<group>";
		};
		2079D5A62B8533150057EA4C /* ABSportUITests */ = {
			isa = PBXGroup;
			children = (
				2079D5A72B8533150057EA4C /* ABSportUITests.swift */,
				2079D5A92B8533150057EA4C /* ABSportUITestsLaunchTests.swift */,
			);
			path = ABSportUITests;
			sourceTree = "<group>";
		};
		209754622BF6B3F300287935 /* FirebaseModels */ = {
			isa = PBXGroup;
			children = (
				209754632BF6B40800287935 /* FirebaseUser.swift */,
				209754652BF6B41E00287935 /* FirebaseTrainer.swift */,
				209754672BF6B43800287935 /* FirebaseReservation.swift */,
				209754692BF6B49800287935 /* FirebaseDay.swift */,
			);
			path = FirebaseModels;
			sourceTree = "<group>";
		};
		20FEC66D2BACCA380045C1FF /* Schedule */ = {
			isa = PBXGroup;
			children = (
				20FEC66E2BACCA570045C1FF /* ScheduleView.swift */,
				20FEC6702BACCA610045C1FF /* ScheduleViewModel.swift */,
				20397BC32BB81CE5008455E4 /* ScheduleViewModelImpl.swift */,
				20FEC6722BACCA6D0045C1FF /* ScheduleViewController.swift */,
				20FEC6742BACCB470045C1FF /* ScheduleCoordinator.swift */,
			);
			path = Schedule;
			sourceTree = "<group>";
		};
		20FEC67B2BACD5350045C1FF /* Models */ = {
			isa = PBXGroup;
			children = (
				20FEC67C2BACD5500045C1FF /* Reservation.swift */,
				20FEC6832BACD5E10045C1FF /* User.swift */,
			);
			path = Models;
			sourceTree = "<group>";
		};
		20FEC67E2BACD57F0045C1FF /* NetworkLayer */ = {
			isa = PBXGroup;
			children = (
				20FEC67F2BACD5960045C1FF /* UserManager.swift */,
				20FEC6812BACD5AF0045C1FF /* ReservationManager.swift */,
			);
			path = NetworkLayer;
			sourceTree = "<group>";
		};
		664E86492BD6ABB7001A768D /* GroupTrainings */ = {
			isa = PBXGroup;
			children = (
				66A599792BB31A0700E80EEF /* GroupTraining */,
				66A599802BB31B0D00E80EEF /* Trainings */,
				66A599852BB31B7800E80EEF /* Trainers */,
			);
			path = GroupTrainings;
			sourceTree = "<group>";
		};
		664E864A2BD6ABC5001A768D /* IndividualTrainings */ = {
			isa = PBXGroup;
			children = (
				664E86592BD91B78001A768D /* Trainers */,
				664E86582BD91B6D001A768D /* Trainings */,
				664E86512BD9178F001A768D /* IndividualTraining */,
			);
			path = IndividualTrainings;
			sourceTree = "<group>";
		};
		664E864B2BD6ACF7001A768D /* Trainings */ = {
			isa = PBXGroup;
			children = (
				66A599812BB31B2D00E80EEF /* ChooseTrainingView.swift */,
				66A5997A2BB31A2D00E80EEF /* TrainingView.swift */,
				66A599882BB31BD000E80EEF /* TrainerCell.swift */,
				664E86492BD6ABB7001A768D /* GroupTrainings */,
				664E864A2BD6ABC5001A768D /* IndividualTrainings */,
			);
			path = Trainings;
			sourceTree = "<group>";
		};
		664E86512BD9178F001A768D /* IndividualTraining */ = {
			isa = PBXGroup;
			children = (
				664E86522BD918F1001A768D /* IndividualTrainingViewController.swift */,
				664E86542BD9194A001A768D /* IndividualTrainingViewModel.swift */,
				664E86562BD9198F001A768D /* IndividualTrainingCoordinator.swift */,
			);
			path = IndividualTraining;
			sourceTree = "<group>";
		};
		664E86582BD91B6D001A768D /* Trainings */ = {
			isa = PBXGroup;
			children = (
				664E865A2BD91BBF001A768D /* ChooseIndividualTrainingViewController.swift */,
			);
			path = Trainings;
			sourceTree = "<group>";
		};
		664E86592BD91B78001A768D /* Trainers */ = {
			isa = PBXGroup;
			children = (
				664E865C2BD91CA2001A768D /* ChooseIndividualTrainerViewController.swift */,
			);
			path = Trainers;
			sourceTree = "<group>";
		};
		6662D12D2B931D57001FC95E /* Main */ = {
			isa = PBXGroup;
			children = (
				6662D12E2B931DAB001FC95E /* MainView.swift */,
				6662D1302B931DCB001FC95E /* MainViewController.swift */,
				6662D1322B931E24001FC95E /* MainViewModel.swift */,
				6662D1362B931EAC001FC95E /* MainModel.swift */,
				666F52DB2B93B95E00B113CD /* MainCoordinator.swift */,
			);
			path = Main;
			sourceTree = "<group>";
		};
		66A599792BB31A0700E80EEF /* GroupTraining */ = {
			isa = PBXGroup;
			children = (
				66A5997C2BB31A5B00E80EEF /* GroupTrainingViewController.swift */,
				043545412BC07E9400151ED5 /* GroupTrainingCoordinator.swift */,
				664E864F2BD6B813001A768D /* GroupTrainingViewModel.swift */,
			);
			path = GroupTraining;
			sourceTree = "<group>";
		};
		66A599802BB31B0D00E80EEF /* Trainings */ = {
			isa = PBXGroup;
			children = (
				66A599832BB31B5B00E80EEF /* ChooseGroupTrainingViewController.swift */,
			);
			path = Trainings;
			sourceTree = "<group>";
		};
		66A599852BB31B7800E80EEF /* Trainers */ = {
			isa = PBXGroup;
			children = (
				66A599862BB31BB200E80EEF /* ChooseGroupTrainerViewController.swift */,
			);
			path = Trainers;
			sourceTree = "<group>";
		};
/* End PBXGroup section */

/* Begin PBXNativeTarget section */
		2079D57F2B85330E0057EA4C /* ABSport */ = {
			isa = PBXNativeTarget;
			buildConfigurationList = 2079D5AD2B8533150057EA4C /* Build configuration list for PBXNativeTarget "ABSport" */;
			buildPhases = (
				2079D57C2B85330E0057EA4C /* Sources */,
				2079D57D2B85330E0057EA4C /* Frameworks */,
				2079D57E2B85330E0057EA4C /* Resources */,
			);
			buildRules = (
			);
			dependencies = (
				2079D5B82B8533FE0057EA4C /* PBXTargetDependency */,
			);
			name = ABSport;
			packageProductDependencies = (
				2097544B2BF6B14500287935 /* FirebaseAuth */,
				2097544D2BF6B14500287935 /* FirebaseAuthCombine-Community */,
				2097544F2BF6B14500287935 /* FirebaseDatabase */,
				209754512BF6B14500287935 /* FirebaseDatabaseSwift */,
				209754532BF6B14500287935 /* FirebaseFirestore */,
				209754552BF6B14500287935 /* FirebaseFirestoreCombine-Community */,
				209754572BF6B14500287935 /* FirebaseFirestoreSwift */,
				209754592BF6B14500287935 /* FirebaseFunctions */,
				2097545B2BF6B14500287935 /* FirebaseFunctionsCombine-Community */,
				2097545D2BF6B14500287935 /* FirebaseStorage */,
				2097545F2BF6B14500287935 /* FirebaseStorageCombine-Community */,
			);
			productName = ABSport;
			productReference = 2079D5802B85330E0057EA4C /* ABSport.app */;
			productType = "com.apple.product-type.application";
		};
		2079D5982B8533150057EA4C /* ABSportTests */ = {
			isa = PBXNativeTarget;
			buildConfigurationList = 2079D5B02B8533150057EA4C /* Build configuration list for PBXNativeTarget "ABSportTests" */;
			buildPhases = (
				2079D5952B8533150057EA4C /* Sources */,
				2079D5962B8533150057EA4C /* Frameworks */,
				2079D5972B8533150057EA4C /* Resources */,
			);
			buildRules = (
			);
			dependencies = (
				2079D59B2B8533150057EA4C /* PBXTargetDependency */,
			);
			name = ABSportTests;
			productName = ABSportTests;
			productReference = 2079D5992B8533150057EA4C /* ABSportTests.xctest */;
			productType = "com.apple.product-type.bundle.unit-test";
		};
		2079D5A22B8533150057EA4C /* ABSportUITests */ = {
			isa = PBXNativeTarget;
			buildConfigurationList = 2079D5B32B8533150057EA4C /* Build configuration list for PBXNativeTarget "ABSportUITests" */;
			buildPhases = (
				2079D59F2B8533150057EA4C /* Sources */,
				2079D5A02B8533150057EA4C /* Frameworks */,
				2079D5A12B8533150057EA4C /* Resources */,
			);
			buildRules = (
			);
			dependencies = (
				2079D5A52B8533150057EA4C /* PBXTargetDependency */,
			);
			name = ABSportUITests;
			productName = ABSportUITests;
			productReference = 2079D5A32B8533150057EA4C /* ABSportUITests.xctest */;
			productType = "com.apple.product-type.bundle.ui-testing";
		};
/* End PBXNativeTarget section */

/* Begin PBXProject section */
		2079D5782B85330E0057EA4C /* Project object */ = {
			isa = PBXProject;
			attributes = {
				BuildIndependentTargetsInParallel = 1;
				LastSwiftUpdateCheck = 1520;
				LastUpgradeCheck = 1520;
				TargetAttributes = {
					2079D57F2B85330E0057EA4C = {
						CreatedOnToolsVersion = 15.2;
					};
					2079D5982B8533150057EA4C = {
						CreatedOnToolsVersion = 15.2;
						TestTargetID = 2079D57F2B85330E0057EA4C;
					};
					2079D5A22B8533150057EA4C = {
						CreatedOnToolsVersion = 15.2;
						TestTargetID = 2079D57F2B85330E0057EA4C;
					};
				};
			};
			buildConfigurationList = 2079D57B2B85330E0057EA4C /* Build configuration list for PBXProject "ABSport" */;
			compatibilityVersion = "Xcode 15.0";
			developmentRegion = en;
			hasScannedForEncodings = 0;
			knownRegions = (
				en,
				Base,
			);
			mainGroup = 2079D5772B85330E0057EA4C;
			packageReferences = (
				2079D5B62B8533E90057EA4C /* XCRemoteSwiftPackageReference "SwiftLint" */,
				2097544A2BF6B14500287935 /* XCRemoteSwiftPackageReference "firebase-ios-sdk" */,
			);
			productRefGroup = 2079D5812B85330E0057EA4C /* Products */;
			projectDirPath = "";
			projectRoot = "";
			targets = (
				2079D57F2B85330E0057EA4C /* ABSport */,
				2079D5982B8533150057EA4C /* ABSportTests */,
				2079D5A22B8533150057EA4C /* ABSportUITests */,
			);
		};
/* End PBXProject section */

/* Begin PBXResourcesBuildPhase section */
		2079D57E2B85330E0057EA4C /* Resources */ = {
			isa = PBXResourcesBuildPhase;
			buildActionMask = 2147483647;
			files = (
				2079D5902B8533140057EA4C /* Assets.xcassets in Resources */,
				209754492BF6B0CB00287935 /* GoogleService-Info.plist in Resources */,
			);
			runOnlyForDeploymentPostprocessing = 0;
		};
		2079D5972B8533150057EA4C /* Resources */ = {
			isa = PBXResourcesBuildPhase;
			buildActionMask = 2147483647;
			files = (
			);
			runOnlyForDeploymentPostprocessing = 0;
		};
		2079D5A12B8533150057EA4C /* Resources */ = {
			isa = PBXResourcesBuildPhase;
			buildActionMask = 2147483647;
			files = (
			);
			runOnlyForDeploymentPostprocessing = 0;
		};
/* End PBXResourcesBuildPhase section */

/* Begin PBXSourcesBuildPhase section */
		2079D57C2B85330E0057EA4C /* Sources */ = {
			isa = PBXSourcesBuildPhase;
			buildActionMask = 2147483647;
			files = (
				209754662BF6B41E00287935 /* FirebaseTrainer.swift in Sources */,
				042960192BCC34950083F9CA /* WeightChartBar.swift in Sources */,
				66A5997D2BB31A5B00E80EEF /* GroupTrainingViewController.swift in Sources */,
				1AF1EA942B98ED4100F9A3CE /* String+Extension.swift in Sources */,
				04847AC62BBF166600BA8542 /* TabBarCoordinator.swift in Sources */,
				20FEC6712BACCA610045C1FF /* ScheduleViewModel.swift in Sources */,
				20397BC72BBB089F008455E4 /* ReservationView.swift in Sources */,
				1AF1EA942B98ED4100F9A3CE /* String+Extension.swift in Sources */,
				20FEC6842BACD5E10045C1FF /* User.swift in Sources */,
				04B2A2D32BF2BACF000B017D /* PersistenceController.swift in Sources */,
				664E86572BD9198F001A768D /* IndividualTrainingCoordinator.swift in Sources */,
				20397BCD2BBB08CE008455E4 /* ReservationViewController.swift in Sources */,
				20FEC6732BACCA6D0045C1FF /* ScheduleViewController.swift in Sources */,
				664E86502BD6B813001A768D /* GroupTrainingViewModel.swift in Sources */,
				1A41C0622B9DBC7300BD5B8D /* RegistrationViewModel.swift in Sources */,
				20FEC6802BACD5960045C1FF /* UserManager.swift in Sources */,
				20FEC6822BACD5AF0045C1FF /* ReservationManager.swift in Sources */,
				6662D1332B931E24001FC95E /* MainViewModel.swift in Sources */,
				209754642BF6B40800287935 /* FirebaseUser.swift in Sources */,
				1A2F7DDC2BB5D2DB0032657B /* LoginModelView.swift in Sources */,
				041A3F6D2BCC61B7002B87E8 /* PetData.swift in Sources */,
				1A2F7DDE2BB5D2FF0032657B /* LoginFullView.swift in Sources */,
				2079D5882B85330F0057EA4C /* ViewController.swift in Sources */,
				1A2F7DDA2BB5D2C70032657B /* LoginViewController.swift in Sources */,
				1A2F7DE52BB5D3CE0032657B /* SmsModelView.swift in Sources */,
				2097546A2BF6B49800287935 /* FirebaseDay.swift in Sources */,
				04B2A2CE2BF2B1EC000B017D /* ABSport.xcdatamodeld in Sources */,
				04847AC82BBF1D1800BA8542 /* ProfileTabCoordinator.swift in Sources */,
				209754682BF6B43800287935 /* FirebaseReservation.swift in Sources */,
				66A599892BB31BD000E80EEF /* TrainerCell.swift in Sources */,
				66A599822BB31B2D00E80EEF /* ChooseTrainingView.swift in Sources */,
				20FEC6782BACCE0A0045C1FF /* DateFormatterManager.swift in Sources */,
				20397BBE2BB6CDA1008455E4 /* DateFormatterManagerImpl.swift in Sources */,
				1A907EE72B9096B300FBF281 /* AppCoordinator.swift in Sources */,
				66A5997F2BB31AB000E80EEF /* UIButton+extension.swift in Sources */,
				0496AF892BA1123F00058166 /* ReciepView.swift in Sources */,
				66A5997B2BB31A2D00E80EEF /* TrainingView.swift in Sources */,
				0496AF8B2BA1124F00058166 /* SettingsView.swift in Sources */,
				209754082BE5161400287935 /* ReservationModuleType.swift in Sources */,
				1A2F7DE72BB5D3DE0032657B /* SmsView.swift in Sources */,
				66A599872BB31BB200E80EEF /* ChooseGroupTrainerViewController.swift in Sources */,
				047D7EEC2BF3723A00E98C55 /* IMTChart.swift in Sources */,
				1A77F3472B9721D400C0D1F7 /* RegistrationView.swift in Sources */,
				20FEC6752BACCB470045C1FF /* ScheduleCoordinator.swift in Sources */,
				664E865B2BD91BBF001A768D /* ChooseIndividualTrainingViewController.swift in Sources */,
				1A907EE92B90A49500FBF281 /* RegistrationViewController.swift in Sources */,
				20FEC66F2BACCA570045C1FF /* ScheduleView.swift in Sources */,
				04B2A2D12BF2B4C4000B017D /* WeightChart+help.swift in Sources */,
				20397BCF2BBB08DE008455E4 /* ReservationCoordinator.swift in Sources */,
				2079D5842B85330F0057EA4C /* AppDelegate.swift in Sources */,
				664E86552BD9194A001A768D /* IndividualTrainingViewModel.swift in Sources */,
				20397BCB2BBB08C1008455E4 /* ReservationViewModelImpl.swift in Sources */,
				1A907EE32B9091C800FBF281 /* CoordinatorProtocol .swift in Sources */,
				2079D5862B85330F0057EA4C /* SceneDelegate.swift in Sources */,
				1A77F3492B9724A400C0D1F7 /* RegistrationFullView.swift in Sources */,
				1A2F7DE32BB5D3BE0032657B /* SmsViewController.swift in Sources */,
				66A599842BB31B5B00E80EEF /* ChooseGroupTrainingViewController.swift in Sources */,
				20397BC22BB6DC95008455E4 /* CalendarManager.swift in Sources */,
				664E86532BD918F1001A768D /* IndividualTrainingViewController.swift in Sources */,
				04B2A2D52BF2C338000B017D /* NSPrediacte+help.swift in Sources */,
				6662D1372B931EAC001FC95E /* MainModel.swift in Sources */,
				0496AF872BA1122D00058166 /* ProfileView.swift in Sources */,
				6662D1312B931DCB001FC95E /* MainViewController.swift in Sources */,
				1A2F7DE92BB5D3ED0032657B /* SmsFullView.swift in Sources */,
				6662D12F2B931DAB001FC95E /* MainView.swift in Sources */,
				20397BC92BBB08AE008455E4 /* ReservationViewModel.swift in Sources */,
				20397BC42BB81CE5008455E4 /* ScheduleViewModelImpl.swift in Sources */,
				047D7EEA2BF371A700E98C55 /* WeightChart.swift in Sources */,
				666F52DC2B93B95E00B113CD /* MainCoordinator.swift in Sources */,
				20397BC02BB6DC6F008455E4 /* CalendarManagerImpl.swift in Sources */,
				1A907EE52B9092EE00FBF281 /* AuthCoordinator.swift in Sources */,
				043545422BC07E9400151ED5 /* GroupTrainingCoordinator.swift in Sources */,
				1A41C06B2B9EFB6A00BD5B8D /* TabBarController.swift in Sources */,
				1A2F7DE02BB5D3900032657B /* LoginView.swift in Sources */,
				0426FC142BCC889A00F49B21 /* MyFormView.swift in Sources */,
				20FEC67D2BACD5500045C1FF /* Reservation.swift in Sources */,
				664E865D2BD91CA2001A768D /* ChooseIndividualTrainerViewController.swift in Sources */,
			);
			runOnlyForDeploymentPostprocessing = 0;
		};
		2079D5952B8533150057EA4C /* Sources */ = {
			isa = PBXSourcesBuildPhase;
			buildActionMask = 2147483647;
			files = (
				2079D59E2B8533150057EA4C /* ABSportTests.swift in Sources */,
			);
			runOnlyForDeploymentPostprocessing = 0;
		};
		2079D59F2B8533150057EA4C /* Sources */ = {
			isa = PBXSourcesBuildPhase;
			buildActionMask = 2147483647;
			files = (
				2079D5AA2B8533150057EA4C /* ABSportUITestsLaunchTests.swift in Sources */,
				2079D5A82B8533150057EA4C /* ABSportUITests.swift in Sources */,
			);
			runOnlyForDeploymentPostprocessing = 0;
		};
/* End PBXSourcesBuildPhase section */

/* Begin PBXTargetDependency section */
		2079D59B2B8533150057EA4C /* PBXTargetDependency */ = {
			isa = PBXTargetDependency;
			target = 2079D57F2B85330E0057EA4C /* ABSport */;
			targetProxy = 2079D59A2B8533150057EA4C /* PBXContainerItemProxy */;
		};
		2079D5A52B8533150057EA4C /* PBXTargetDependency */ = {
			isa = PBXTargetDependency;
			target = 2079D57F2B85330E0057EA4C /* ABSport */;
			targetProxy = 2079D5A42B8533150057EA4C /* PBXContainerItemProxy */;
		};
		2079D5B82B8533FE0057EA4C /* PBXTargetDependency */ = {
			isa = PBXTargetDependency;
			productRef = 2079D5B72B8533FE0057EA4C /* SwiftLintPlugin */;
		};
/* End PBXTargetDependency section */

/* Begin XCBuildConfiguration section */
		2079D5AB2B8533150057EA4C /* Debug */ = {
			isa = XCBuildConfiguration;
			buildSettings = {
				ALWAYS_SEARCH_USER_PATHS = NO;
				ASSETCATALOG_COMPILER_GENERATE_SWIFT_ASSET_SYMBOL_EXTENSIONS = YES;
				CLANG_ANALYZER_NONNULL = YES;
				CLANG_ANALYZER_NUMBER_OBJECT_CONVERSION = YES_AGGRESSIVE;
				CLANG_CXX_LANGUAGE_STANDARD = "gnu++20";
				CLANG_ENABLE_MODULES = YES;
				CLANG_ENABLE_OBJC_ARC = YES;
				CLANG_ENABLE_OBJC_WEAK = YES;
				CLANG_WARN_BLOCK_CAPTURE_AUTORELEASING = YES;
				CLANG_WARN_BOOL_CONVERSION = YES;
				CLANG_WARN_COMMA = YES;
				CLANG_WARN_CONSTANT_CONVERSION = YES;
				CLANG_WARN_DEPRECATED_OBJC_IMPLEMENTATIONS = YES;
				CLANG_WARN_DIRECT_OBJC_ISA_USAGE = YES_ERROR;
				CLANG_WARN_DOCUMENTATION_COMMENTS = YES;
				CLANG_WARN_EMPTY_BODY = YES;
				CLANG_WARN_ENUM_CONVERSION = YES;
				CLANG_WARN_INFINITE_RECURSION = YES;
				CLANG_WARN_INT_CONVERSION = YES;
				CLANG_WARN_NON_LITERAL_NULL_CONVERSION = YES;
				CLANG_WARN_OBJC_IMPLICIT_RETAIN_SELF = YES;
				CLANG_WARN_OBJC_LITERAL_CONVERSION = YES;
				CLANG_WARN_OBJC_ROOT_CLASS = YES_ERROR;
				CLANG_WARN_QUOTED_INCLUDE_IN_FRAMEWORK_HEADER = YES;
				CLANG_WARN_RANGE_LOOP_ANALYSIS = YES;
				CLANG_WARN_STRICT_PROTOTYPES = YES;
				CLANG_WARN_SUSPICIOUS_MOVE = YES;
				CLANG_WARN_UNGUARDED_AVAILABILITY = YES_AGGRESSIVE;
				CLANG_WARN_UNREACHABLE_CODE = YES;
				CLANG_WARN__DUPLICATE_METHOD_MATCH = YES;
				COPY_PHASE_STRIP = NO;
				DEBUG_INFORMATION_FORMAT = dwarf;
				ENABLE_STRICT_OBJC_MSGSEND = YES;
				ENABLE_TESTABILITY = YES;
				ENABLE_USER_SCRIPT_SANDBOXING = YES;
				GCC_C_LANGUAGE_STANDARD = gnu17;
				GCC_DYNAMIC_NO_PIC = NO;
				GCC_NO_COMMON_BLOCKS = YES;
				GCC_OPTIMIZATION_LEVEL = 0;
				GCC_PREPROCESSOR_DEFINITIONS = (
					"DEBUG=1",
					"$(inherited)",
				);
				GCC_WARN_64_TO_32_BIT_CONVERSION = YES;
				GCC_WARN_ABOUT_RETURN_TYPE = YES_ERROR;
				GCC_WARN_UNDECLARED_SELECTOR = YES;
				GCC_WARN_UNINITIALIZED_AUTOS = YES_AGGRESSIVE;
				GCC_WARN_UNUSED_FUNCTION = YES;
				GCC_WARN_UNUSED_VARIABLE = YES;
				IPHONEOS_DEPLOYMENT_TARGET = 17.2;
				LOCALIZATION_PREFERS_STRING_CATALOGS = YES;
				MTL_ENABLE_DEBUG_INFO = INCLUDE_SOURCE;
				MTL_FAST_MATH = YES;
				ONLY_ACTIVE_ARCH = YES;
				SDKROOT = iphoneos;
				SWIFT_ACTIVE_COMPILATION_CONDITIONS = "DEBUG $(inherited)";
				SWIFT_OPTIMIZATION_LEVEL = "-Onone";
			};
			name = Debug;
		};
		2079D5AC2B8533150057EA4C /* Release */ = {
			isa = XCBuildConfiguration;
			buildSettings = {
				ALWAYS_SEARCH_USER_PATHS = NO;
				ASSETCATALOG_COMPILER_GENERATE_SWIFT_ASSET_SYMBOL_EXTENSIONS = YES;
				CLANG_ANALYZER_NONNULL = YES;
				CLANG_ANALYZER_NUMBER_OBJECT_CONVERSION = YES_AGGRESSIVE;
				CLANG_CXX_LANGUAGE_STANDARD = "gnu++20";
				CLANG_ENABLE_MODULES = YES;
				CLANG_ENABLE_OBJC_ARC = YES;
				CLANG_ENABLE_OBJC_WEAK = YES;
				CLANG_WARN_BLOCK_CAPTURE_AUTORELEASING = YES;
				CLANG_WARN_BOOL_CONVERSION = YES;
				CLANG_WARN_COMMA = YES;
				CLANG_WARN_CONSTANT_CONVERSION = YES;
				CLANG_WARN_DEPRECATED_OBJC_IMPLEMENTATIONS = YES;
				CLANG_WARN_DIRECT_OBJC_ISA_USAGE = YES_ERROR;
				CLANG_WARN_DOCUMENTATION_COMMENTS = YES;
				CLANG_WARN_EMPTY_BODY = YES;
				CLANG_WARN_ENUM_CONVERSION = YES;
				CLANG_WARN_INFINITE_RECURSION = YES;
				CLANG_WARN_INT_CONVERSION = YES;
				CLANG_WARN_NON_LITERAL_NULL_CONVERSION = YES;
				CLANG_WARN_OBJC_IMPLICIT_RETAIN_SELF = YES;
				CLANG_WARN_OBJC_LITERAL_CONVERSION = YES;
				CLANG_WARN_OBJC_ROOT_CLASS = YES_ERROR;
				CLANG_WARN_QUOTED_INCLUDE_IN_FRAMEWORK_HEADER = YES;
				CLANG_WARN_RANGE_LOOP_ANALYSIS = YES;
				CLANG_WARN_STRICT_PROTOTYPES = YES;
				CLANG_WARN_SUSPICIOUS_MOVE = YES;
				CLANG_WARN_UNGUARDED_AVAILABILITY = YES_AGGRESSIVE;
				CLANG_WARN_UNREACHABLE_CODE = YES;
				CLANG_WARN__DUPLICATE_METHOD_MATCH = YES;
				COPY_PHASE_STRIP = NO;
				DEBUG_INFORMATION_FORMAT = "dwarf-with-dsym";
				ENABLE_NS_ASSERTIONS = NO;
				ENABLE_STRICT_OBJC_MSGSEND = YES;
				ENABLE_USER_SCRIPT_SANDBOXING = YES;
				GCC_C_LANGUAGE_STANDARD = gnu17;
				GCC_NO_COMMON_BLOCKS = YES;
				GCC_WARN_64_TO_32_BIT_CONVERSION = YES;
				GCC_WARN_ABOUT_RETURN_TYPE = YES_ERROR;
				GCC_WARN_UNDECLARED_SELECTOR = YES;
				GCC_WARN_UNINITIALIZED_AUTOS = YES_AGGRESSIVE;
				GCC_WARN_UNUSED_FUNCTION = YES;
				GCC_WARN_UNUSED_VARIABLE = YES;
				IPHONEOS_DEPLOYMENT_TARGET = 17.2;
				LOCALIZATION_PREFERS_STRING_CATALOGS = YES;
				MTL_ENABLE_DEBUG_INFO = NO;
				MTL_FAST_MATH = YES;
				SDKROOT = iphoneos;
				SWIFT_COMPILATION_MODE = wholemodule;
				VALIDATE_PRODUCT = YES;
			};
			name = Release;
		};
		2079D5AE2B8533150057EA4C /* Debug */ = {
			isa = XCBuildConfiguration;
			buildSettings = {
				ASSETCATALOG_COMPILER_APPICON_NAME = AppIcon;
				ASSETCATALOG_COMPILER_GLOBAL_ACCENT_COLOR_NAME = AccentColor;
				CODE_SIGN_IDENTITY = "Apple Development";
				CODE_SIGN_STYLE = Automatic;
				CURRENT_PROJECT_VERSION = 1;
				DEVELOPMENT_TEAM = 6L22T5KT6C;
				GENERATE_INFOPLIST_FILE = YES;
				INFOPLIST_FILE = ABSport/Info.plist;
				INFOPLIST_KEY_UIApplicationSupportsIndirectInputEvents = YES;
				INFOPLIST_KEY_UILaunchStoryboardName = LaunchScreen;
				INFOPLIST_KEY_UISupportedInterfaceOrientations_iPad = "UIInterfaceOrientationPortrait UIInterfaceOrientationPortraitUpsideDown UIInterfaceOrientationLandscapeLeft UIInterfaceOrientationLandscapeRight";
				INFOPLIST_KEY_UISupportedInterfaceOrientations_iPhone = "UIInterfaceOrientationPortrait UIInterfaceOrientationLandscapeLeft UIInterfaceOrientationLandscapeRight";
				IPHONEOS_DEPLOYMENT_TARGET = 16.4;
				LD_RUNPATH_SEARCH_PATHS = (
					"$(inherited)",
					"@executable_path/Frameworks",
				);
				MARKETING_VERSION = 1.0;
				PRODUCT_BUNDLE_IDENTIFIER = ABSport.ABSport;
				PRODUCT_NAME = "$(TARGET_NAME)";
				PROVISIONING_PROFILE_SPECIFIER = "";
				SWIFT_EMIT_LOC_STRINGS = YES;
				SWIFT_VERSION = 5.0;
				TARGETED_DEVICE_FAMILY = "1,2";
			};
			name = Debug;
		};
		2079D5AF2B8533150057EA4C /* Release */ = {
			isa = XCBuildConfiguration;
			buildSettings = {
				ASSETCATALOG_COMPILER_APPICON_NAME = AppIcon;
				ASSETCATALOG_COMPILER_GLOBAL_ACCENT_COLOR_NAME = AccentColor;
				CODE_SIGN_IDENTITY = "Apple Development";
				CODE_SIGN_STYLE = Automatic;
				CURRENT_PROJECT_VERSION = 1;
				DEVELOPMENT_TEAM = 6L22T5KT6C;
				GENERATE_INFOPLIST_FILE = YES;
				INFOPLIST_FILE = ABSport/Info.plist;
				INFOPLIST_KEY_UIApplicationSupportsIndirectInputEvents = YES;
				INFOPLIST_KEY_UILaunchStoryboardName = LaunchScreen;
				INFOPLIST_KEY_UISupportedInterfaceOrientations_iPad = "UIInterfaceOrientationPortrait UIInterfaceOrientationPortraitUpsideDown UIInterfaceOrientationLandscapeLeft UIInterfaceOrientationLandscapeRight";
				INFOPLIST_KEY_UISupportedInterfaceOrientations_iPhone = "UIInterfaceOrientationPortrait UIInterfaceOrientationLandscapeLeft UIInterfaceOrientationLandscapeRight";
				IPHONEOS_DEPLOYMENT_TARGET = 16.4;
				LD_RUNPATH_SEARCH_PATHS = (
					"$(inherited)",
					"@executable_path/Frameworks",
				);
				MARKETING_VERSION = 1.0;
				PRODUCT_BUNDLE_IDENTIFIER = ABSport.ABSport;
				PRODUCT_NAME = "$(TARGET_NAME)";
				PROVISIONING_PROFILE_SPECIFIER = "";
				SWIFT_EMIT_LOC_STRINGS = YES;
				SWIFT_VERSION = 5.0;
				TARGETED_DEVICE_FAMILY = "1,2";
			};
			name = Release;
		};
		2079D5B12B8533150057EA4C /* Debug */ = {
			isa = XCBuildConfiguration;
			buildSettings = {
				ALWAYS_EMBED_SWIFT_STANDARD_LIBRARIES = YES;
				BUNDLE_LOADER = "$(TEST_HOST)";
				CODE_SIGN_STYLE = Automatic;
				CURRENT_PROJECT_VERSION = 1;
				GENERATE_INFOPLIST_FILE = YES;
				IPHONEOS_DEPLOYMENT_TARGET = 17.2;
				MARKETING_VERSION = 1.0;
				PRODUCT_BUNDLE_IDENTIFIER = ABSportTech.ABSportTests;
				PRODUCT_NAME = "$(TARGET_NAME)";
				SWIFT_EMIT_LOC_STRINGS = NO;
				SWIFT_VERSION = 5.0;
				TARGETED_DEVICE_FAMILY = "1,2";
				TEST_HOST = "$(BUILT_PRODUCTS_DIR)/ABSport.app/$(BUNDLE_EXECUTABLE_FOLDER_PATH)/ABSport";
			};
			name = Debug;
		};
		2079D5B22B8533150057EA4C /* Release */ = {
			isa = XCBuildConfiguration;
			buildSettings = {
				ALWAYS_EMBED_SWIFT_STANDARD_LIBRARIES = YES;
				BUNDLE_LOADER = "$(TEST_HOST)";
				CODE_SIGN_STYLE = Automatic;
				CURRENT_PROJECT_VERSION = 1;
				GENERATE_INFOPLIST_FILE = YES;
				IPHONEOS_DEPLOYMENT_TARGET = 17.2;
				MARKETING_VERSION = 1.0;
				PRODUCT_BUNDLE_IDENTIFIER = ABSportTech.ABSportTests;
				PRODUCT_NAME = "$(TARGET_NAME)";
				SWIFT_EMIT_LOC_STRINGS = NO;
				SWIFT_VERSION = 5.0;
				TARGETED_DEVICE_FAMILY = "1,2";
				TEST_HOST = "$(BUILT_PRODUCTS_DIR)/ABSport.app/$(BUNDLE_EXECUTABLE_FOLDER_PATH)/ABSport";
			};
			name = Release;
		};
		2079D5B42B8533150057EA4C /* Debug */ = {
			isa = XCBuildConfiguration;
			buildSettings = {
				ALWAYS_EMBED_SWIFT_STANDARD_LIBRARIES = YES;
				CODE_SIGN_STYLE = Automatic;
				CURRENT_PROJECT_VERSION = 1;
				GENERATE_INFOPLIST_FILE = YES;
				MARKETING_VERSION = 1.0;
				PRODUCT_BUNDLE_IDENTIFIER = ABSportTech.ABSportUITests;
				PRODUCT_NAME = "$(TARGET_NAME)";
				SWIFT_EMIT_LOC_STRINGS = NO;
				SWIFT_VERSION = 5.0;
				TARGETED_DEVICE_FAMILY = "1,2";
				TEST_TARGET_NAME = ABSport;
			};
			name = Debug;
		};
		2079D5B52B8533150057EA4C /* Release */ = {
			isa = XCBuildConfiguration;
			buildSettings = {
				ALWAYS_EMBED_SWIFT_STANDARD_LIBRARIES = YES;
				CODE_SIGN_STYLE = Automatic;
				CURRENT_PROJECT_VERSION = 1;
				GENERATE_INFOPLIST_FILE = YES;
				MARKETING_VERSION = 1.0;
				PRODUCT_BUNDLE_IDENTIFIER = ABSportTech.ABSportUITests;
				PRODUCT_NAME = "$(TARGET_NAME)";
				SWIFT_EMIT_LOC_STRINGS = NO;
				SWIFT_VERSION = 5.0;
				TARGETED_DEVICE_FAMILY = "1,2";
				TEST_TARGET_NAME = ABSport;
			};
			name = Release;
		};
/* End XCBuildConfiguration section */

/* Begin XCConfigurationList section */
		2079D57B2B85330E0057EA4C /* Build configuration list for PBXProject "ABSport" */ = {
			isa = XCConfigurationList;
			buildConfigurations = (
				2079D5AB2B8533150057EA4C /* Debug */,
				2079D5AC2B8533150057EA4C /* Release */,
			);
			defaultConfigurationIsVisible = 0;
			defaultConfigurationName = Release;
		};
		2079D5AD2B8533150057EA4C /* Build configuration list for PBXNativeTarget "ABSport" */ = {
			isa = XCConfigurationList;
			buildConfigurations = (
				2079D5AE2B8533150057EA4C /* Debug */,
				2079D5AF2B8533150057EA4C /* Release */,
			);
			defaultConfigurationIsVisible = 0;
			defaultConfigurationName = Release;
		};
		2079D5B02B8533150057EA4C /* Build configuration list for PBXNativeTarget "ABSportTests" */ = {
			isa = XCConfigurationList;
			buildConfigurations = (
				2079D5B12B8533150057EA4C /* Debug */,
				2079D5B22B8533150057EA4C /* Release */,
			);
			defaultConfigurationIsVisible = 0;
			defaultConfigurationName = Release;
		};
		2079D5B32B8533150057EA4C /* Build configuration list for PBXNativeTarget "ABSportUITests" */ = {
			isa = XCConfigurationList;
			buildConfigurations = (
				2079D5B42B8533150057EA4C /* Debug */,
				2079D5B52B8533150057EA4C /* Release */,
			);
			defaultConfigurationIsVisible = 0;
			defaultConfigurationName = Release;
		};
/* End XCConfigurationList section */

/* Begin XCRemoteSwiftPackageReference section */
		2079D5B62B8533E90057EA4C /* XCRemoteSwiftPackageReference "SwiftLint" */ = {
			isa = XCRemoteSwiftPackageReference;
			repositoryURL = "https://github.com/realm/SwiftLint.git";
			requirement = {
				kind = upToNextMajorVersion;
				minimumVersion = 0.54.0;
			};
		};
		2097544A2BF6B14500287935 /* XCRemoteSwiftPackageReference "firebase-ios-sdk" */ = {
			isa = XCRemoteSwiftPackageReference;
			repositoryURL = "https://github.com/firebase/firebase-ios-sdk";
			requirement = {
				kind = upToNextMajorVersion;
				minimumVersion = 10.26.0;
			};
		};
/* End XCRemoteSwiftPackageReference section */

/* Begin XCSwiftPackageProductDependency section */
		2079D5B72B8533FE0057EA4C /* SwiftLintPlugin */ = {
			isa = XCSwiftPackageProductDependency;
			package = 2079D5B62B8533E90057EA4C /* XCRemoteSwiftPackageReference "SwiftLint" */;
			productName = "plugin:SwiftLintPlugin";
		};
		2097544B2BF6B14500287935 /* FirebaseAuth */ = {
			isa = XCSwiftPackageProductDependency;
			package = 2097544A2BF6B14500287935 /* XCRemoteSwiftPackageReference "firebase-ios-sdk" */;
			productName = FirebaseAuth;
		};
		2097544D2BF6B14500287935 /* FirebaseAuthCombine-Community */ = {
			isa = XCSwiftPackageProductDependency;
			package = 2097544A2BF6B14500287935 /* XCRemoteSwiftPackageReference "firebase-ios-sdk" */;
			productName = "FirebaseAuthCombine-Community";
		};
		2097544F2BF6B14500287935 /* FirebaseDatabase */ = {
			isa = XCSwiftPackageProductDependency;
			package = 2097544A2BF6B14500287935 /* XCRemoteSwiftPackageReference "firebase-ios-sdk" */;
			productName = FirebaseDatabase;
		};
		209754512BF6B14500287935 /* FirebaseDatabaseSwift */ = {
			isa = XCSwiftPackageProductDependency;
			package = 2097544A2BF6B14500287935 /* XCRemoteSwiftPackageReference "firebase-ios-sdk" */;
			productName = FirebaseDatabaseSwift;
		};
		209754532BF6B14500287935 /* FirebaseFirestore */ = {
			isa = XCSwiftPackageProductDependency;
			package = 2097544A2BF6B14500287935 /* XCRemoteSwiftPackageReference "firebase-ios-sdk" */;
			productName = FirebaseFirestore;
		};
		209754552BF6B14500287935 /* FirebaseFirestoreCombine-Community */ = {
			isa = XCSwiftPackageProductDependency;
			package = 2097544A2BF6B14500287935 /* XCRemoteSwiftPackageReference "firebase-ios-sdk" */;
			productName = "FirebaseFirestoreCombine-Community";
		};
		209754572BF6B14500287935 /* FirebaseFirestoreSwift */ = {
			isa = XCSwiftPackageProductDependency;
			package = 2097544A2BF6B14500287935 /* XCRemoteSwiftPackageReference "firebase-ios-sdk" */;
			productName = FirebaseFirestoreSwift;
		};
		209754592BF6B14500287935 /* FirebaseFunctions */ = {
			isa = XCSwiftPackageProductDependency;
			package = 2097544A2BF6B14500287935 /* XCRemoteSwiftPackageReference "firebase-ios-sdk" */;
			productName = FirebaseFunctions;
		};
		2097545B2BF6B14500287935 /* FirebaseFunctionsCombine-Community */ = {
			isa = XCSwiftPackageProductDependency;
			package = 2097544A2BF6B14500287935 /* XCRemoteSwiftPackageReference "firebase-ios-sdk" */;
			productName = "FirebaseFunctionsCombine-Community";
		};
		2097545D2BF6B14500287935 /* FirebaseStorage */ = {
			isa = XCSwiftPackageProductDependency;
			package = 2097544A2BF6B14500287935 /* XCRemoteSwiftPackageReference "firebase-ios-sdk" */;
			productName = FirebaseStorage;
		};
		2097545F2BF6B14500287935 /* FirebaseStorageCombine-Community */ = {
			isa = XCSwiftPackageProductDependency;
			package = 2097544A2BF6B14500287935 /* XCRemoteSwiftPackageReference "firebase-ios-sdk" */;
			productName = "FirebaseStorageCombine-Community";
		};
/* End XCSwiftPackageProductDependency section */

/* Begin XCVersionGroup section */
		04B2A2CC2BF2B1EC000B017D /* ABSport.xcdatamodeld */ = {
			isa = XCVersionGroup;
			children = (
				04B2A2CD2BF2B1EC000B017D /* ABSport.xcdatamodel */,
			);
			currentVersion = 04B2A2CD2BF2B1EC000B017D /* ABSport.xcdatamodel */;
			path = ABSport.xcdatamodeld;
			sourceTree = "<group>";
			versionGroupType = wrapper.xcdatamodel;
		};
/* End XCVersionGroup section */
	};
	rootObject = 2079D5782B85330E0057EA4C /* Project object */;
}
